
Microsoft Visual Studio Solution File, Format Version 12.00
# Visual Studio 15
VisualStudioVersion = 15.0.26730.12
MinimumVisualStudioVersion = 10.0.40219.1
Project("{FAE04EC0-301F-11D3-BF4B-00C04F79EFBC}") = "WebApplication11", "WebApplication11\WebApplication11.csproj", "{8D0C3569-E49D-442F-A7B4-5F16E62ABA7F}"
EndProject
Global
	GlobalSection(SolutionConfigurationPlatforms) = preSolution
		Debug|Any CPU = Debug|Any CPU
		Release|Any CPU = Release|Any CPU
	EndGlobalSection
	GlobalSection(ProjectConfigurationPlatforms) = postSolution
		{8D0C3569-E49D-442F-A7B4-5F16E62ABA7F}.Debug|Any CPU.ActiveCfg = Debug|Any CPU
		{8D0C3569-E49D-442F-A7B4-5F16E62ABA7F}.Debug|Any CPU.Build.0 = Debug|Any CPU
		{8D0C3569-E49D-442F-A7B4-5F16E62ABA7F}.Release|Any CPU.ActiveCfg = Release|Any CPU
		{8D0C3569-E49D-442F-A7B4-5F16E62ABA7F}.Release|Any CPU.Build.0 = Release|Any CPU
	EndGlobalSection
	GlobalSection(SolutionProperties) = preSolution
		HideSolutionNode = FALSE
	EndGlobalSection
	GlobalSection(ExtensibilityGlobals) = postSolution
		SolutionGuid = {A37938B4-6613-475F-B6B2-9FAF35FB74ED}
	EndGlobalSection
EndGlobal
